
Microsoft Visual Studio Solution File, Format Version 12.00
# Visual Studio 15
VisualStudioVersion = 15.0.28307.168
MinimumVisualStudioVersion = 10.0.40219.1
Project("{9A19103F-16F7-4668-BE54-9A1E7A4F7556}") = "SentimentTest", "SentimentAnalysisConsoleApp\SentimentTest.csproj", "{36F6B770-3952-4EBE-91DF-710344F56360}"
EndProject
Project("{FAE04EC0-301F-11D3-BF4B-00C04F79EFBC}") = "TextDataSource", "TextDataSource\TextDataSource.csproj", "{56F9F5BF-0B01-40E0-A0EB-6DC406197505}"
EndProject
Project("{FAE04EC0-301F-11D3-BF4B-00C04F79EFBC}") = "TextDataAnalysis", "TextDataAnalysis\TextDataAnalysis.csproj", "{1E0776F6-FC0A-481A-8EBA-9E7AACF3ACB5}"
EndProject
Global
	GlobalSection(SolutionConfigurationPlatforms) = preSolution
		Debug|Any CPU = Debug|Any CPU
		Release|Any CPU = Release|Any CPU
	EndGlobalSection
	GlobalSection(ProjectConfigurationPlatforms) = postSolution
		{36F6B770-3952-4EBE-91DF-710344F56360}.Debug|Any CPU.ActiveCfg = Debug|Any CPU
		{36F6B770-3952-4EBE-91DF-710344F56360}.Debug|Any CPU.Build.0 = Debug|Any CPU
		{36F6B770-3952-4EBE-91DF-710344F56360}.Release|Any CPU.ActiveCfg = Release|Any CPU
		{36F6B770-3952-4EBE-91DF-710344F56360}.Release|Any CPU.Build.0 = Release|Any CPU
		{56F9F5BF-0B01-40E0-A0EB-6DC406197505}.Debug|Any CPU.ActiveCfg = Debug|Any CPU
		{56F9F5BF-0B01-40E0-A0EB-6DC406197505}.Debug|Any CPU.Build.0 = Debug|Any CPU
		{56F9F5BF-0B01-40E0-A0EB-6DC406197505}.Release|Any CPU.ActiveCfg = Release|Any CPU
		{56F9F5BF-0B01-40E0-A0EB-6DC406197505}.Release|Any CPU.Build.0 = Release|Any CPU
		{1E0776F6-FC0A-481A-8EBA-9E7AACF3ACB5}.Debug|Any CPU.ActiveCfg = Debug|Any CPU
		{1E0776F6-FC0A-481A-8EBA-9E7AACF3ACB5}.Debug|Any CPU.Build.0 = Debug|Any CPU
		{1E0776F6-FC0A-481A-8EBA-9E7AACF3ACB5}.Release|Any CPU.ActiveCfg = Release|Any CPU
		{1E0776F6-FC0A-481A-8EBA-9E7AACF3ACB5}.Release|Any CPU.Build.0 = Release|Any CPU
	EndGlobalSection
	GlobalSection(SolutionProperties) = preSolution
		HideSolutionNode = FALSE
	EndGlobalSection
	GlobalSection(ExtensibilityGlobals) = postSolution
		SolutionGuid = {544CFD02-6A3C-40CB-80CC-A7EFE0E11DC6}
	EndGlobalSection
EndGlobal
